{
  "name": "corag-aetheris-vscode",
  "version": "0.1.0",
  "description": "VSCode extension for CoRag/Aetheris intelligent agent runtime development",
  "main": "out/extension.js",
  "scripts": {
    "vscode:prepublish": "npm run compile",
    "compile": "tsc -p ./",
    "watch": "tsc -watch -p ./"
  },
  "devDependencies": {
    "@types/node": "^18.19.0",
    "@types/vscode": "^1.85.0",
    "typescript": "^5.3.0"
  },
  "engines": {
    "vscode": "^1.85.0"
  },
  "keywords": [
    "corag",
    "aetheris",
    "agent",
    "workflow",
    "go",
    "eino"
  ],
  "author": "CoRag Contributors",
  "license": "Apache-2.0",
  "repository": {
    "type": "git",
    "url": "https://github.com/Colin4k1024/Aetheris.git"
  }
}
